<?xml version="1.0" encoding="utf-8"?>
<Project ToolsVersion="4.0" xmlns="http://schemas.microsoft.com/developer/msbuild/2003">
  <ItemGroup>
    <Filter Include="Source Files">
      <UniqueIdentifier>{4FC737F1-C7A5-4376-A066-2A32D752A2FF}</UniqueIdentifier>
      <Extensions>cpp;c;cc;cxx;c++;cppm;ixx;def;odl;idl;hpj;bat;asm;asmx</Extensions>
    </Filter>
    <Filter Include="Header Files">
      <UniqueIdentifier>{93995380-89BD-4b04-88EB-625FBE52EBFB}</UniqueIdentifier>
      <Extensions>h;hh;hpp;hxx;h++;hm;inl;inc;ipp;xsd</Extensions>
    </Filter>
    <Filter Include="Resource Files">
      <UniqueIdentifier>{67DA6AB6-F800-4c08-8B7A-83BB121AAD01}</UniqueIdentifier>
      <Extensions>rc;ico;cur;bmp;dlg;rc2;rct;bin;rgs;gif;jpg;jpeg;jpe;resx;tiff;tif;png;wav;mfcribbon-ms</Extensions>
    </Filter>
  </ItemGroup>
  <ItemGroup>
    <ClCompile Include="entry.cpp">
      <Filter>Source Files</Filter>
    </ClCompile>
    <ClCompile Include="PlayState.cpp">
      <Filter>Source Files</Filter>
    </ClCompile>
    <ClCompile Include="Player.cpp">
      <Filter>Source Files</Filter>
    </ClCompile>
    <ClCompile Include="BackgroundEntity.cpp">
      <Filter>Source Files</Filter>
    </ClCompile>
    <ClCompile Include="WorldObject.cpp">
      <Filter>Source Files</Filter>
    </ClCompile>
    <ClCompile Include="ForceArea.cpp">
      <Filter>Source Files</Filter>
    </ClCompile>
    <ClCompile Include="Projectile.cpp">
      <Filter>Source Files</Filter>
    </ClCompile>
    <ClCompile Include="KillBox.cpp">
      <Filter>Source Files</Filter>
    </ClCompile>
    <ClCompile Include="Startup.cpp">
      <Filter>Source Files</Filter>
    </ClCompile>
  </ItemGroup>
  <ItemGroup>
    <ClInclude Include="PlayState.h">
      <Filter>Header Files</Filter>
    </ClInclude>
    <ClInclude Include="Player.h">
      <Filter>Header Files</Filter>
    </ClInclude>
    <ClInclude Include="BackgroundEntity.h">
      <Filter>Header Files</Filter>
    </ClInclude>
    <ClInclude Include="WorldObject.h">
      <Filter>Header Files</Filter>
    </ClInclude>
    <ClInclude Include="ForceArea.h">
      <Filter>Header Files</Filter>
    </ClInclude>
    <ClInclude Include="Projectile.h">
      <Filter>Header Files</Filter>
    </ClInclude>
    <ClInclude Include="KillBox.h">
      <Filter>Header Files</Filter>
    </ClInclude>
    <ClInclude Include="Startup.h">
      <Filter>Header Files</Filter>
    </ClInclude>
  </ItemGroup>
  <ItemGroup>
    <Font Include="BadComic-Regular.ttf" />
  </ItemGroup>
  <ItemGroup>
    <Text Include="save.txt" />
    <Text Include="font_license.txt" />
  </ItemGroup>
  <ItemGroup>
    <None Include="SDL2.dll" />
    <None Include="SDL2_gfx.dll" />
    <None Include="SDL2_image.dll" />
  </ItemGroup>
  <ItemGroup>
    <Image Include="Textures\Car.bmp">
      <Filter>Resource Files</Filter>
    </Image>
    <Image Include="Textures\exampleSpriteSheet.bmp">
      <Filter>Resource Files</Filter>
    </Image>
    <Image Include="Textures\Floor.bmp">
      <Filter>Resource Files</Filter>
    </Image>
    <Image Include="Textures\forceAreaLarge.bmp">
      <Filter>Resource Files</Filter>
    </Image>
    <Image Include="Textures\forceAreaMid.bmp">
      <Filter>Resource Files</Filter>
    </Image>
    <Image Include="Textures\forceAreaSmall.bmp">
      <Filter>Resource Files</Filter>
    </Image>
    <Image Include="Textures\help.bmp">
      <Filter>Resource Files</Filter>
    </Image>
    <Image Include="Textures\killbox-large.bmp">
      <Filter>Resource Files</Filter>
    </Image>
    <Image Include="Textures\killbox-mid.bmp">
      <Filter>Resource Files</Filter>
    </Image>
    <Image Include="Textures\killbox-small.bmp">
      <Filter>Resource Files</Filter>
    </Image>
    <Image Include="Textures\platform_large.bmp">
      <Filter>Resource Files</Filter>
    </Image>
    <Image Include="Textures\platform_mid.bmp">
      <Filter>Resource Files</Filter>
    </Image>
    <Image Include="Textures\platform_small.bmp">
      <Filter>Resource Files</Filter>
    </Image>
    <Image Include="Textures\Player.bmp">
      <Filter>Resource Files</Filter>
    </Image>
    <Image Include="Textures\PlayerJumping.bmp">
      <Filter>Resource Files</Filter>
    </Image>
    <Image Include="Textures\Projectile.bmp">
      <Filter>Resource Files</Filter>
    </Image>
    <Image Include="Textures\testSpriteSheet.bmp">
      <Filter>Resource Files</Filter>
    </Image>
    <Image Include="Textures\Torch.bmp">
      <Filter>Resource Files</Filter>
    </Image>
    <Image Include="Textures\Wall.bmp">
      <Filter>Resource Files</Filter>
    </Image>
    <Image Include="Textures\Wind.bmp">
      <Filter>Resource Files</Filter>
    </Image>
  </ItemGroup>
</Project>